// !$*UTF8*$!
{
	archiveVersion = 1;
	classes = {
	};
	objectVersion = 46;
	objects = {

/* Begin PBXBuildFile section */
		89E279B31AB60D1F00AB0FE8 /* AppDelegate.swift in Sources */ = {isa = PBXBuildFile; fileRef = 89E279B21AB60D1F00AB0FE8 /* AppDelegate.swift */; };
		89E279B51AB60D1F00AB0FE8 /* ViewController.swift in Sources */ = {isa = PBXBuildFile; fileRef = 89E279B41AB60D1F00AB0FE8 /* ViewController.swift */; };
		89E279B81AB60D1F00AB0FE8 /* Main.storyboard in Resources */ = {isa = PBXBuildFile; fileRef = 89E279B61AB60D1F00AB0FE8 /* Main.storyboard */; };
		89E279BA1AB60D1F00AB0FE8 /* Images.xcassets in Resources */ = {isa = PBXBuildFile; fileRef = 89E279B91AB60D1F00AB0FE8 /* Images.xcassets */; };
		89E279BD1AB60D2000AB0FE8 /* LaunchScreen.xib in Resources */ = {isa = PBXBuildFile; fileRef = 89E279BB1AB60D2000AB0FE8 /* LaunchScreen.xib */; };
		89E279C91AB60D2000AB0FE8 /* Times_TableTests.swift in Sources */ = {isa = PBXBuildFile; fileRef = 89E279C81AB60D2000AB0FE8 /* Times_TableTests.swift */; };
/* End PBXBuildFile section */

/* Begin PBXContainerItemProxy section */
		89E279C31AB60D2000AB0FE8 /* PBXContainerItemProxy */ = {
			isa = PBXContainerItemProxy;
			containerPortal = 89E279A51AB60D1F00AB0FE8 /* Project object */;
			proxyType = 1;
			remoteGlobalIDString = 89E279AC1AB60D1F00AB0FE8;
			remoteInfo = "Times Table";
		};
/* End PBXContainerItemProxy section */

/* Begin PBXFileReference section */
		89E279AD1AB60D1F00AB0FE8 /* Times Table.app */ = {isa = PBXFileReference; explicitFileType = wrapper.application; includeInIndex = 0; path = "Times Table.app"; sourceTree = BUILT_PRODUCTS_DIR; };
		89E279B11AB60D1F00AB0FE8 /* Info.plist */ = {isa = PBXFileReference; lastKnownFileType = text.plist.xml; path = Info.plist; sourceTree = "<group>"; };
		89E279B21AB60D1F00AB0FE8 /* AppDelegate.swift */ = {isa = PBXFileReference; lastKnownFileType = sourcecode.swift; path = AppDelegate.swift; sourceTree = "<group>"; };
		89E279B41AB60D1F00AB0FE8 /* ViewController.swift */ = {isa = PBXFileReference; lastKnownFileType = sourcecode.swift; path = ViewController.swift; sourceTree = "<group>"; };
		89E279B71AB60D1F00AB0FE8 /* Base */ = {isa = PBXFileReference; lastKnownFileType = file.storyboard; name = Base; path = Base.lproj/Main.storyboard; sourceTree = "<group>"; };
		89E279B91AB60D1F00AB0FE8 /* Images.xcassets */ = {isa = PBXFileReference; lastKnownFileType = folder.assetcatalog; path = Images.xcassets; sourceTree = "<group>"; };
		89E279BC1AB60D2000AB0FE8 /* Base */ = {isa = PBXFileReference; lastKnownFileType = file.xib; name = Base; path = Base.lproj/LaunchScreen.xib; sourceTree = "<group>"; };
		89E279C21AB60D2000AB0FE8 /* Times TableTests.xctest */ = {isa = PBXFileReference; explicitFileType = wrapper.cfbundle; includeInIndex = 0; path = "Times TableTests.xctest"; sourceTree = BUILT_PRODUCTS_DIR; };
		89E279C71AB60D2000AB0FE8 /* Info.plist */ = {isa = PBXFileReference; lastKnownFileType = text.plist.xml; path = Info.plist; sourceTree = "<group>"; };
		89E279C81AB60D2000AB0FE8 /* Times_TableTests.swift */ = {isa = PBXFileReference; lastKnownFileType = sourcecode.swift; path = Times_TableTests.swift; sourceTree = "<group>"; };
/* End PBXFileReference section */

/* Begin PBXFrameworksBuildPhase section */
		89E279AA1AB60D1F00AB0FE8 /* Frameworks */ = {
			isa = PBXFrameworksBuildPhase;
			buildActionMask = 2147483647;
			files = (
			);
			runOnlyForDeploymentPostprocessing = 0;
		};
		89E279BF1AB60D2000AB0FE8 /* Frameworks */ = {
			isa = PBXFrameworksBuildPhase;
			buildActionMask = 2147483647;
			files = (
			);
			runOnlyForDeploymentPostprocessing = 0;
		};
/* End PBXFrameworksBuildPhase section */

/* Begin PBXGroup section */
		89E279A41AB60D1F00AB0FE8 = {
			isa = PBXGroup;
			children = (
				89E279AF1AB60D1F00AB0FE8 /* Times Table */,
				89E279C51AB60D2000AB0FE8 /* Times TableTests */,
				89E279AE1AB60D1F00AB0FE8 /* Products */,
			);
			sourceTree = "<group>";
		};
		89E279AE1AB60D1F00AB0FE8 /* Products */ = {
			isa = PBXGroup;
			children = (
				89E279AD1AB60D1F00AB0FE8 /* Times Table.app */,
				89E279C21AB60D2000AB0FE8 /* Times TableTests.xctest */,
			);
			name = Products;
			sourceTree = "<group>";
		};
		89E279AF1AB60D1F00AB0FE8 /* Times Table */ = {
			isa = PBXGroup;
			children = (
				89E279B21AB60D1F00AB0FE8 /* AppDelegate.swift */,
				89E279B41AB60D1F00AB0FE8 /* ViewController.swift */,
				89E279B61AB60D1F00AB0FE8 /* Main.storyboard */,
				89E279B91AB60D1F00AB0FE8 /* Images.xcassets */,
				89E279BB1AB60D2000AB0FE8 /* LaunchScreen.xib */,
				89E279B01AB60D1F00AB0FE8 /* Supporting Files */,
			);
			path = "Times Table";
			sourceTree = "<group>";
		};
		89E279B01AB60D1F00AB0FE8 /* Supporting Files */ = {
			isa = PBXGroup;
			children = (
				89E279B11AB60D1F00AB0FE8 /* Info.plist */,
			);
			name = "Supporting Files";
			sourceTree = "<group>";
		};
		89E279C51AB60D2000AB0FE8 /* Times TableTests */ = {
			isa = PBXGroup;
			children = (
				89E279C81AB60D2000AB0FE8 /* Times_TableTests.swift */,
				89E279C61AB60D2000AB0FE8 /* Supporting Files */,
			);
			path = "Times TableTests";
			sourceTree = "<group>";
		};
		89E279C61AB60D2000AB0FE8 /* Supporting Files */ = {
			isa = PBXGroup;
			children = (
				89E279C71AB60D2000AB0FE8 /* Info.plist */,
			);
			name = "Supporting Files";
			sourceTree = "<group>";
		};
/* End PBXGroup section */

/* Begin PBXNativeTarget section */
		89E279AC1AB60D1F00AB0FE8 /* Times Table */ = {
			isa = PBXNativeTarget;
			buildConfigurationList = 89E279CC1AB60D2000AB0FE8 /* Build configuration list for PBXNativeTarget "Times Table" */;
			buildPhases = (
				89E279A91AB60D1F00AB0FE8 /* Sources */,
				89E279AA1AB60D1F00AB0FE8 /* Frameworks */,
				89E279AB1AB60D1F00AB0FE8 /* Resources */,
			);
			buildRules = (
			);
			dependencies = (
			);
			name = "Times Table";
			productName = "Times Table";
			productReference = 89E279AD1AB60D1F00AB0FE8 /* Times Table.app */;
			productType = "com.apple.product-type.application";
		};
		89E279C11AB60D2000AB0FE8 /* Times TableTests */ = {
			isa = PBXNativeTarget;
			buildConfigurationList = 89E279CF1AB60D2000AB0FE8 /* Build configuration list for PBXNativeTarget "Times TableTests" */;
			buildPhases = (
				89E279BE1AB60D2000AB0FE8 /* Sources */,
				89E279BF1AB60D2000AB0FE8 /* Frameworks */,
				89E279C01AB60D2000AB0FE8 /* Resources */,
			);
			buildRules = (
			);
			dependencies = (
				89E279C41AB60D2000AB0FE8 /* PBXTargetDependency */,
			);
			name = "Times TableTests";
			productName = "Times TableTests";
			productReference = 89E279C21AB60D2000AB0FE8 /* Times TableTests.xctest */;
			productType = "com.apple.product-type.bundle.unit-test";
		};
/* End PBXNativeTarget section */

/* Begin PBXProject section */
		89E279A51AB60D1F00AB0FE8 /* Project object */ = {
			isa = PBXProject;
			attributes = {
				LastUpgradeCheck = 0610;
				ORGANIZATIONNAME = Appfish;
				TargetAttributes = {
					89E279AC1AB60D1F00AB0FE8 = {
						CreatedOnToolsVersion = 6.1.1;
					};
					89E279C11AB60D2000AB0FE8 = {
						CreatedOnToolsVersion = 6.1.1;
						TestTargetID = 89E279AC1AB60D1F00AB0FE8;
					};
				};
			};
			buildConfigurationList = 89E279A81AB60D1F00AB0FE8 /* Build configuration list for PBXProject "Times Table" */;
			compatibilityVersion = "Xcode 3.2";
			developmentRegion = English;
			hasScannedForEncodings = 0;
			knownRegions = (
				en,
				Base,
			);
			mainGroup = 89E279A41AB60D1F00AB0FE8;
			productRefGroup = 89E279AE1AB60D1F00AB0FE8 /* Products */;
			projectDirPath = "";
			projectRoot = "";
			targets = (
				89E279AC1AB60D1F00AB0FE8 /* Times Table */,
				89E279C11AB60D2000AB0FE8 /* Times TableTests */,
			);
		};
/* End PBXProject section */

/* Begin PBXResourcesBuildPhase section */
		89E279AB1AB60D1F00AB0FE8 /* Resources */ = {
			isa = PBXResourcesBuildPhase;
			buildActionMask = 2147483647;
			files = (
				89E279B81AB60D1F00AB0FE8 /* Main.storyboard in Resources */,
				89E279BD1AB60D2000AB0FE8 /* LaunchScreen.xib in Resources */,
				89E279BA1AB60D1F00AB0FE8 /* Images.xcassets in Resources */,
			);
			runOnlyForDeploymentPostprocessing = 0;
		};
		89E279C01AB60D2000AB0FE8 /* Resources */ = {
			isa = PBXResourcesBuildPhase;
			buildActionMask = 2147483647;
			files = (
			);
			runOnlyForDeploymentPostprocessing = 0;
		};
/* End PBXResourcesBuildPhase section */

/* Begin PBXSourcesBuildPhase section */
		89E279A91AB60D1F00AB0FE8 /* Sources */ = {
			isa = PBXSourcesBuildPhase;
			buildActionMask = 2147483647;
			files = (
				89E279B51AB60D1F00AB0FE8 /* ViewController.swift in Sources */,
				89E279B31AB60D1F00AB0FE8 /* AppDelegate.swift in Sources */,
			);
			runOnlyForDeploymentPostprocessing = 0;
		};
		89E279BE1AB60D2000AB0FE8 /* Sources */ = {
			isa = PBXSourcesBuildPhase;
			buildActionMask = 2147483647;
			files = (
				89E279C91AB60D2000AB0FE8 /* Times_TableTests.swift in Sources */,
			);
			runOnlyForDeploymentPostprocessing = 0;
		};
/* End PBXSourcesBuildPhase section */

/* Begin PBXTargetDependency section */
		89E279C41AB60D2000AB0FE8 /* PBXTargetDependency */ = {
			isa = PBXTargetDependency;
			target = 89E279AC1AB60D1F00AB0FE8 /* Times Table */;
			targetProxy = 89E279C31AB60D2000AB0FE8 /* PBXContainerItemProxy */;
		};
/* End PBXTargetDependency section */

/* Begin PBXVariantGroup section */
		89E279B61AB60D1F00AB0FE8 /* Main.storyboard */ = {
			isa = PBXVariantGroup;
			children = (
				89E279B71AB60D1F00AB0FE8 /* Base */,
			);
			name = Main.storyboard;
			sourceTree = "<group>";
		};
		89E279BB1AB60D2000AB0FE8 /* LaunchScreen.xib */ = {
			isa = PBXVariantGroup;
			children = (
				89E279BC1AB60D2000AB0FE8 /* Base */,
			);
			name = LaunchScreen.xib;
			sourceTree = "<group>";
		};
/* End PBXVariantGroup section */

/* Begin XCBuildConfiguration section */
		89E279CA1AB60D2000AB0FE8 /* Debug */ = {
			isa = XCBuildConfiguration;
			buildSettings = {
				ALWAYS_SEARCH_USER_PATHS = NO;
				CLANG_CXX_LANGUAGE_STANDARD = "gnu++0x";
				CLANG_CXX_LIBRARY = "libc++";
				CLANG_ENABLE_MODULES = YES;
				CLANG_ENABLE_OBJC_ARC = YES;
				CLANG_WARN_BOOL_CONVERSION = YES;
				CLANG_WARN_CONSTANT_CONVERSION = YES;
				CLANG_WARN_DIRECT_OBJC_ISA_USAGE = YES_ERROR;
				CLANG_WARN_EMPTY_BODY = YES;
				CLANG_WARN_ENUM_CONVERSION = YES;
				CLANG_WARN_INT_CONVERSION = YES;
				CLANG_WARN_OBJC_ROOT_CLASS = YES_ERROR;
				CLANG_WARN_UNREACHABLE_CODE = YES;
				CLANG_WARN__DUPLICATE_METHOD_MATCH = YES;
				"CODE_SIGN_IDENTITY[sdk=iphoneos*]" = "iPhone Developer";
				COPY_PHASE_STRIP = NO;
				ENABLE_STRICT_OBJC_MSGSEND = YES;
				GCC_C_LANGUAGE_STANDARD = gnu99;
				GCC_DYNAMIC_NO_PIC = NO;
				GCC_OPTIMIZATION_LEVEL = 0;
				GCC_PREPROCESSOR_DEFINITIONS = (
					"DEBUG=1",
					"$(inherited)",
				);
				GCC_SYMBOLS_PRIVATE_EXTERN = NO;
				GCC_WARN_64_TO_32_BIT_CONVERSION = YES;
				GCC_WARN_ABOUT_RETURN_TYPE = YES_ERROR;
				GCC_WARN_UNDECLARED_SELECTOR = YES;
				GCC_WARN_UNINITIALIZED_AUTOS = YES_AGGRESSIVE;
				GCC_WARN_UNUSED_FUNCTION = YES;
				GCC_WARN_UNUSED_VARIABLE = YES;
				IPHONEOS_DEPLOYMENT_TARGET = 8.1;
				MTL_ENABLE_DEBUG_INFO = YES;
				ONLY_ACTIVE_ARCH = YES;
				SDKROOT = iphoneos;
				SWIFT_OPTIMIZATION_LEVEL = "-Onone";
			};
			name = Debug;
		};
		89E279CB1AB60D2000AB0FE8 /* Release */ = {
			isa = XCBuildConfiguration;
			buildSettings = {
				ALWAYS_SEARCH_USER_PATHS = NO;
				CLANG_CXX_LANGUAGE_STANDARD = "gnu++0x";
				CLANG_CXX_LIBRARY = "libc++";
				CLANG_ENABLE_MODULES = YES;
				CLANG_ENABLE_OBJC_ARC = YES;
				CLANG_WARN_BOOL_CONVERSION = YES;
				CLANG_WARN_CONSTANT_CONVERSION = YES;
				CLANG_WARN_DIRECT_OBJC_ISA_USAGE = YES_ERROR;
				CLANG_WARN_EMPTY_BODY = YES;
				CLANG_WARN_ENUM_CONVERSION = YES;
				CLANG_WARN_INT_CONVERSION = YES;
				CLANG_WARN_OBJC_ROOT_CLASS = YES_ERROR;
				CLANG_WARN_UNREACHABLE_CODE = YES;
				CLANG_WARN__DUPLICATE_METHOD_MATCH = YES;
				"CODE_SIGN_IDENTITY[sdk=iphoneos*]" = "iPhone Developer";
				COPY_PHASE_STRIP = YES;
				ENABLE_NS_ASSERTIONS = NO;
				ENABLE_STRICT_OBJC_MSGSEND = YES;
				GCC_C_LANGUAGE_STANDARD = gnu99;
				GCC_WARN_64_TO_32_BIT_CONVERSION = YES;
				GCC_WARN_ABOUT_RETURN_TYPE = YES_ERROR;
				GCC_WARN_UNDECLARED_SELECTOR = YES;
				GCC_WARN_UNINITIALIZED_AUTOS = YES_AGGRESSIVE;
				GCC_WARN_UNUSED_FUNCTION = YES;
				GCC_WARN_UNUSED_VARIABLE = YES;
				IPHONEOS_DEPLOYMENT_TARGET = 8.1;
				MTL_ENABLE_DEBUG_INFO = NO;
				SDKROOT = iphoneos;
				VALIDATE_PRODUCT = YES;
			};
			name = Release;
		};
		89E279CD1AB60D2000AB0FE8 /* Debug */ = {
			isa = XCBuildConfiguration;
			buildSettings = {
				ASSETCATALOG_COMPILER_APPICON_NAME = AppIcon;
				INFOPLIST_FILE = "Times Table/Info.plist";
				LD_RUNPATH_SEARCH_PATHS = "$(inherited) @executable_path/Frameworks";
				PRODUCT_NAME = "$(TARGET_NAME)";
			};
			name = Debug;
		};
		89E279CE1AB60D2000AB0FE8 /* Release */ = {
			isa = XCBuildConfiguration;
			buildSettings = {
				ASSETCATALOG_COMPILER_APPICON_NAME = AppIcon;
				INFOPLIST_FILE = "Times Table/Info.plist";
				LD_RUNPATH_SEARCH_PATHS = "$(inherited) @executable_path/Frameworks";
				PRODUCT_NAME = "$(TARGET_NAME)";
			};
			name = Release;
		};
		89E279D01AB60D2000AB0FE8 /* Debug */ = {
			isa = XCBuildConfiguration;
			buildSettings = {
				BUNDLE_LOADER = "$(TEST_HOST)";
				FRAMEWORK_SEARCH_PATHS = (
					"$(SDKROOT)/Developer/Library/Frameworks",
					"$(inherited)",
				);
				GCC_PREPROCESSOR_DEFINITIONS = (
					"DEBUG=1",
					"$(inherited)",
				);
				INFOPLIST_FILE = "Times TableTests/Info.plist";
				LD_RUNPATH_SEARCH_PATHS = "$(inherited) @executable_path/Frameworks @loader_path/Frameworks";
				PRODUCT_NAME = "$(TARGET_NAME)";
				TEST_HOST = "$(BUILT_PRODUCTS_DIR)/Times Table.app/Times Table";
			};
			name = Debug;
		};
		89E279D11AB60D2000AB0FE8 /* Release */ = {
			isa = XCBuildConfiguration;
			buildSettings = {
				BUNDLE_LOADER = "$(TEST_HOST)";
				FRAMEWORK_SEARCH_PATHS = (
					"$(SDKROOT)/Developer/Library/Frameworks",
					"$(inherited)",
				);
				INFOPLIST_FILE = "Times TableTests/Info.plist";
				LD_RUNPATH_SEARCH_PATHS = "$(inherited) @executable_path/Frameworks @loader_path/Frameworks";
				PRODUCT_NAME = "$(TARGET_NAME)";
				TEST_HOST = "$(BUILT_PRODUCTS_DIR)/Times Table.app/Times Table";
			};
			name = Release;
		};
/* End XCBuildConfiguration section */

/* Begin XCConfigurationList section */
		89E279A81AB60D1F00AB0FE8 /* Build configuration list for PBXProject "Times Table" */ = {
			isa = XCConfigurationList;
			buildConfigurations = (
				89E279CA1AB60D2000AB0FE8 /* Debug */,
				89E279CB1AB60D2000AB0FE8 /* Release */,
			);
			defaultConfigurationIsVisible = 0;
			defaultConfigurationName = Release;
		};
		89E279CC1AB60D2000AB0FE8 /* Build configuration list for PBXNativeTarget "Times Table" */ = {
			isa = XCConfigurationList;
			buildConfigurations = (
				89E279CD1AB60D2000AB0FE8 /* Debug */,
				89E279CE1AB60D2000AB0FE8 /* Release */,
			);
			defaultConfigurationIsVisible = 0;
		};
		89E279CF1AB60D2000AB0FE8 /* Build configuration list for PBXNativeTarget "Times TableTests" */ = {
			isa = XCConfigurationList;
			buildConfigurations = (
				89E279D01AB60D2000AB0FE8 /* Debug */,
				89E279D11AB60D2000AB0FE8 /* Release */,
			);
			defaultConfigurationIsVisible = 0;
		};
/* End XCConfigurationList section */
	};
	rootObject = 89E279A51AB60D1F00AB0FE8 /* Project object */;
}
